<?xml version="1.0" encoding="utf-8"?>
<Project ToolsVersion="4.0" xmlns="http://schemas.microsoft.com/developer/msbuild/2003">
  <ItemGroup>
    <Filter Include="imgui">
      <UniqueIdentifier>{165eb09c-5a4f-4074-b9c8-007d96a8f963}</UniqueIdentifier>
    </Filter>
    <Filter Include="SceneViewer">
      <UniqueIdentifier>{4d5e36fd-2183-458b-9a3c-a00ec4915fd9}</UniqueIdentifier>
    </Filter>
    <Filter Include="Threading">
      <UniqueIdentifier>{a26099ac-777d-4bdc-9d9c-9b8dbe2a1448}</UniqueIdentifier>
    </Filter>
    <Filter Include="UI">
      <UniqueIdentifier>{9d84d941-1635-4683-841a-aded46fa2dea}</UniqueIdentifier>
    </Filter>
    <Filter Include="Dependencies">
      <UniqueIdentifier>{b3341937-9181-49c8-b490-86f513163899}</UniqueIdentifier>
    </Filter>
    <Filter Include="SceneLoader">
      <UniqueIdentifier>{912cf450-86df-456c-9bec-9ff4707e4167}</UniqueIdentifier>
    </Filter>
    <Filter Include="proto">
      <UniqueIdentifier>{3382af2e-eb5e-4785-9a95-050c7901c774}</UniqueIdentifier>
    </Filter>
    <Filter Include="opengl-classes">
      <UniqueIdentifier>{f83e44dc-8885-43f2-bbc2-5d86e7d924a3}</UniqueIdentifier>
    </Filter>
  </ItemGroup>
  <ItemGroup>
    <ClCompile Include="P3_RealTimeSceneViewer.cpp">
      <Filter>SceneViewer</Filter>
    </ClCompile>
    <ClCompile Include="..\Libs\imgui\imgui_impl_opengl3.cpp">
      <Filter>imgui</Filter>
    </ClCompile>
    <ClCompile Include="..\Libs\imgui\imgui_tables.cpp">
      <Filter>imgui</Filter>
    </ClCompile>
    <ClCompile Include="..\Libs\imgui\imgui_widgets.cpp">
      <Filter>imgui</Filter>
    </ClCompile>
    <ClCompile Include="..\Libs\imgui\imgui.cpp">
      <Filter>imgui</Filter>
    </ClCompile>
    <ClCompile Include="..\Libs\imgui\imgui_demo.cpp">
      <Filter>imgui</Filter>
    </ClCompile>
    <ClCompile Include="..\Libs\imgui\imgui_draw.cpp">
      <Filter>imgui</Filter>
    </ClCompile>
    <ClCompile Include="..\Libs\imgui\imgui_impl_glfw.cpp">
      <Filter>imgui</Filter>
    </ClCompile>
    <ClCompile Include="IETThread.cpp">
      <Filter>Threading</Filter>
    </ClCompile>
    <ClCompile Include="IETSemaphore.cpp">
      <Filter>Threading</Filter>
    </ClCompile>
    <ClCompile Include="glad.c">
      <Filter>Dependencies</Filter>
    </ClCompile>
    <ClCompile Include="SceneLoader_main.cpp">
      <Filter>SceneLoader</Filter>
    </ClCompile>
    <ClCompile Include="opengl-classes\Camera.cpp">
      <Filter>opengl-classes</Filter>
    </ClCompile>
    <ClCompile Include="opengl-classes\DirectionalLight.cpp">
      <Filter>opengl-classes</Filter>
    </ClCompile>
    <ClCompile Include="opengl-classes\Light.cpp">
      <Filter>opengl-classes</Filter>
    </ClCompile>
    <ClCompile Include="opengl-classes\Model3D.cpp">
      <Filter>opengl-classes</Filter>
    </ClCompile>
    <ClCompile Include="opengl-classes\ModelReference.cpp">
      <Filter>opengl-classes</Filter>
    </ClCompile>
    <ClCompile Include="opengl-classes\OrthoCamera.cpp">
      <Filter>opengl-classes</Filter>
    </ClCompile>
    <ClCompile Include="opengl-classes\PerspectiveCamera.cpp">
      <Filter>opengl-classes</Filter>
    </ClCompile>
    <ClCompile Include="opengl-classes\Shader.cpp">
      <Filter>opengl-classes</Filter>
    </ClCompile>
    <ClCompile Include="opengl-classes\Skybox.cpp">
      <Filter>opengl-classes</Filter>
    </ClCompile>
    <ClCompile Include="opengl-classes\Texture.cpp">
      <Filter>opengl-classes</Filter>
    </ClCompile>
    <ClCompile Include="opengl-classes\Transform.cpp">
      <Filter>opengl-classes</Filter>
    </ClCompile>
    <ClCompile Include="Utils.cpp" />
  </ItemGroup>
  <ItemGroup>
    <ClInclude Include="..\Libs\imgui\imgui_impl_glfw.h">
      <Filter>imgui</Filter>
    </ClInclude>
    <ClInclude Include="..\Libs\imgui\imgui_impl_opengl3.h">
      <Filter>imgui</Filter>
    </ClInclude>
    <ClInclude Include="..\Libs\imgui\imgui_internal.h">
      <Filter>imgui</Filter>
    </ClInclude>
    <ClInclude Include="..\Libs\imgui\imstb_rectpack.h">
      <Filter>imgui</Filter>
    </ClInclude>
    <ClInclude Include="..\Libs\imgui\imstb_textedit.h">
      <Filter>imgui</Filter>
    </ClInclude>
    <ClInclude Include="..\Libs\imgui\imstb_truetype.h">
      <Filter>imgui</Filter>
    </ClInclude>
    <ClInclude Include="..\Libs\imgui\imconfig.h">
      <Filter>imgui</Filter>
    </ClInclude>
    <ClInclude Include="..\Libs\imgui\imgui.h">
      <Filter>imgui</Filter>
    </ClInclude>
    <ClInclude Include="IETThread.h">
      <Filter>Threading</Filter>
    </ClInclude>
    <ClInclude Include="IETSemaphore.h">
      <Filter>Threading</Filter>
    </ClInclude>
    <ClInclude Include="stb_image.h">
      <Filter>Dependencies</Filter>
    </ClInclude>
    <ClInclude Include="tiny_obj_loader.h">
      <Filter>Dependencies</Filter>
    </ClInclude>
    <ClInclude Include="opengl-classes\Camera.h">
      <Filter>opengl-classes</Filter>
    </ClInclude>
    <ClInclude Include="opengl-classes\DirectionalLight.h">
      <Filter>opengl-classes</Filter>
    </ClInclude>
    <ClInclude Include="opengl-classes\Light.h">
      <Filter>opengl-classes</Filter>
    </ClInclude>
    <ClInclude Include="opengl-classes\Model3D.h">
      <Filter>opengl-classes</Filter>
    </ClInclude>
    <ClInclude Include="opengl-classes\ModelReference.h">
      <Filter>opengl-classes</Filter>
    </ClInclude>
    <ClInclude Include="opengl-classes\OrthoCamera.h">
      <Filter>opengl-classes</Filter>
    </ClInclude>
    <ClInclude Include="opengl-classes\PerspectiveCamera.h">
      <Filter>opengl-classes</Filter>
    </ClInclude>
    <ClInclude Include="opengl-classes\Shader.h">
      <Filter>opengl-classes</Filter>
    </ClInclude>
    <ClInclude Include="opengl-classes\Skybox.h">
      <Filter>opengl-classes</Filter>
    </ClInclude>
    <ClInclude Include="opengl-classes\Texture.h">
      <Filter>opengl-classes</Filter>
    </ClInclude>
    <ClInclude Include="opengl-classes\Transform.h">
      <Filter>opengl-classes</Filter>
    </ClInclude>
    <ClInclude Include="Utils.h" />
  </ItemGroup>
  <ItemGroup>
    <None Include="proto\SceneLoader.proto">
      <Filter>proto</Filter>
    </None>
  </ItemGroup>
</Project>