<?xml version="1.0" encoding="utf-8"?>
<Project ToolsVersion="4.0" xmlns="http://schemas.microsoft.com/developer/msbuild/2003">
  <ItemGroup>
    <Filter Include="imgui">
      <UniqueIdentifier>{165eb09c-5a4f-4074-b9c8-007d96a8f963}</UniqueIdentifier>
    </Filter>
    <Filter Include="Threading">
      <UniqueIdentifier>{a26099ac-777d-4bdc-9d9c-9b8dbe2a1448}</UniqueIdentifier>
    </Filter>
    <Filter Include="Dependencies">
      <UniqueIdentifier>{b3341937-9181-49c8-b490-86f513163899}</UniqueIdentifier>
    </Filter>
    <Filter Include="opengl-classes">
      <UniqueIdentifier>{bd1b7936-6c0a-44a1-aab2-2e8be4f65679}</UniqueIdentifier>
    </Filter>
    <Filter Include="proto">
      <UniqueIdentifier>{9d478c8b-da3d-4dcb-a7af-2ca3108aaf9c}</UniqueIdentifier>
    </Filter>
    <Filter Include="Threading\Tasks">
      <UniqueIdentifier>{418a5f56-6c1d-4c8a-9acd-63d8a32d0cf5}</UniqueIdentifier>
    </Filter>
    <Filter Include="Engine">
      <UniqueIdentifier>{855152f9-552d-4523-90ba-577faa561671}</UniqueIdentifier>
    </Filter>
    <Filter Include="Engine\UI">
      <UniqueIdentifier>{25b97255-5d61-4ebe-b86a-436e90ce4003}</UniqueIdentifier>
    </Filter>
    <Filter Include="Engine\3D">
      <UniqueIdentifier>{a0ffaf82-0b6a-4280-bcb5-0e59858a400c}</UniqueIdentifier>
    </Filter>
    <Filter Include="Networking">
      <UniqueIdentifier>{eb6e10d8-ece9-4702-9705-1b94e032b1bc}</UniqueIdentifier>
    </Filter>
    <Filter Include="Engine\3D\Camera">
      <UniqueIdentifier>{af774c25-5360-4b9c-977b-af817fffe692}</UniqueIdentifier>
    </Filter>
    <Filter Include="Engine\3D\Light">
      <UniqueIdentifier>{f1be9499-31b4-4d1b-afc3-52feb61a6e2a}</UniqueIdentifier>
    </Filter>
    <Filter Include="Engine\3D\Shaders">
      <UniqueIdentifier>{9277d620-e752-4a7c-bb46-0d9151822c96}</UniqueIdentifier>
    </Filter>
    <Filter Include="Engine\Scene">
      <UniqueIdentifier>{19ae343d-1e00-4751-b605-8c104bdcb2dd}</UniqueIdentifier>
    </Filter>
  </ItemGroup>
  <ItemGroup>
    <ClCompile Include="..\Libs\imgui\imgui_impl_opengl3.cpp">
      <Filter>imgui</Filter>
    </ClCompile>
    <ClCompile Include="..\Libs\imgui\imgui_tables.cpp">
      <Filter>imgui</Filter>
    </ClCompile>
    <ClCompile Include="..\Libs\imgui\imgui_widgets.cpp">
      <Filter>imgui</Filter>
    </ClCompile>
    <ClCompile Include="..\Libs\imgui\imgui.cpp">
      <Filter>imgui</Filter>
    </ClCompile>
    <ClCompile Include="..\Libs\imgui\imgui_demo.cpp">
      <Filter>imgui</Filter>
    </ClCompile>
    <ClCompile Include="..\Libs\imgui\imgui_draw.cpp">
      <Filter>imgui</Filter>
    </ClCompile>
    <ClCompile Include="..\Libs\imgui\imgui_impl_glfw.cpp">
      <Filter>imgui</Filter>
    </ClCompile>
    <ClCompile Include="..\common-classes\Utils.cpp" />
    <ClCompile Include="..\common-classes\opengl\Camera.cpp">
      <Filter>opengl-classes</Filter>
    </ClCompile>
    <ClCompile Include="..\common-classes\opengl\DirectionalLight.cpp">
      <Filter>opengl-classes</Filter>
    </ClCompile>
    <ClCompile Include="..\common-classes\opengl\Light.cpp">
      <Filter>opengl-classes</Filter>
    </ClCompile>
    <ClCompile Include="..\common-classes\opengl\Model3D.cpp">
      <Filter>opengl-classes</Filter>
    </ClCompile>
    <ClCompile Include="..\common-classes\opengl\ModelReference.cpp">
      <Filter>opengl-classes</Filter>
    </ClCompile>
    <ClCompile Include="..\common-classes\opengl\OrthoCamera.cpp">
      <Filter>opengl-classes</Filter>
    </ClCompile>
    <ClCompile Include="..\common-classes\opengl\PerspectiveCamera.cpp">
      <Filter>opengl-classes</Filter>
    </ClCompile>
    <ClCompile Include="..\common-classes\opengl\Shader.cpp">
      <Filter>opengl-classes</Filter>
    </ClCompile>
    <ClCompile Include="..\common-classes\opengl\Skybox.cpp">
      <Filter>opengl-classes</Filter>
    </ClCompile>
    <ClCompile Include="..\common-classes\opengl\Texture.cpp">
      <Filter>opengl-classes</Filter>
    </ClCompile>
    <ClCompile Include="..\common-classes\opengl\Transform.cpp">
      <Filter>opengl-classes</Filter>
    </ClCompile>
    <ClCompile Include="..\common-classes\multithreading\IETSemaphore.cpp">
      <Filter>Threading</Filter>
    </ClCompile>
    <ClCompile Include="..\common-classes\multithreading\IETThread.cpp">
      <Filter>Threading</Filter>
    </ClCompile>
    <ClCompile Include="..\common-classes\multithreading\PoolWorker.cpp">
      <Filter>Threading</Filter>
    </ClCompile>
    <ClCompile Include="..\common-classes\multithreading\ThreadPoolScheduler.cpp">
      <Filter>Threading</Filter>
    </ClCompile>
    <ClCompile Include="..\common-classes\multithreading\tasks\AWorkerTask.cpp">
      <Filter>Threading\Tasks</Filter>
    </ClCompile>
    <ClCompile Include="..\common-classes\glad.c">
      <Filter>Dependencies</Filter>
    </ClCompile>
    <ClCompile Include="..\proto\SceneLoader.grpc.pb.cc">
      <Filter>proto</Filter>
    </ClCompile>
    <ClCompile Include="..\proto\SceneLoader.pb.cc">
      <Filter>proto</Filter>
    </ClCompile>
    <ClCompile Include="P3_RealTimeSceneViewer.cpp">
      <Filter>Engine</Filter>
    </ClCompile>
    <ClCompile Include="AUIPanel.cpp">
      <Filter>Engine\UI</Filter>
    </ClCompile>
    <ClCompile Include="UIManager.cpp">
      <Filter>Engine\UI</Filter>
    </ClCompile>
    <ClCompile Include="MainMenuPanel.cpp">
      <Filter>Engine\UI</Filter>
    </ClCompile>
    <ClCompile Include="EngineProfiler.cpp">
      <Filter>Engine\UI</Filter>
    </ClCompile>
    <ClCompile Include="ModelObject.cpp">
      <Filter>Engine\3D</Filter>
    </ClCompile>
    <ClCompile Include="CameraObject.cpp">
      <Filter>Engine\3D\Camera</Filter>
    </ClCompile>
    <ClCompile Include="PerspectiveCameraObject.cpp">
      <Filter>Engine\3D\Camera</Filter>
    </ClCompile>
    <ClCompile Include="LightObject.cpp">
      <Filter>Engine\3D\Light</Filter>
    </ClCompile>
    <ClCompile Include="ShaderObject.cpp">
      <Filter>Engine\3D\Shaders</Filter>
    </ClCompile>
    <ClCompile Include="SceneViewerClient.cpp">
      <Filter>Networking</Filter>
    </ClCompile>
    <ClCompile Include="Scene.cpp">
      <Filter>Engine\Scene</Filter>
    </ClCompile>
    <ClCompile Include="LoadSceneTask.cpp">
      <Filter>Threading\Tasks</Filter>
    </ClCompile>
    <ClCompile Include="SceneManager.cpp">
      <Filter>Engine\Scene</Filter>
    </ClCompile>
  </ItemGroup>
  <ItemGroup>
    <ClInclude Include="..\Libs\imgui\imgui_impl_glfw.h">
      <Filter>imgui</Filter>
    </ClInclude>
    <ClInclude Include="..\Libs\imgui\imgui_impl_opengl3.h">
      <Filter>imgui</Filter>
    </ClInclude>
    <ClInclude Include="..\Libs\imgui\imgui_internal.h">
      <Filter>imgui</Filter>
    </ClInclude>
    <ClInclude Include="..\Libs\imgui\imstb_rectpack.h">
      <Filter>imgui</Filter>
    </ClInclude>
    <ClInclude Include="..\Libs\imgui\imstb_textedit.h">
      <Filter>imgui</Filter>
    </ClInclude>
    <ClInclude Include="..\Libs\imgui\imstb_truetype.h">
      <Filter>imgui</Filter>
    </ClInclude>
    <ClInclude Include="..\Libs\imgui\imconfig.h">
      <Filter>imgui</Filter>
    </ClInclude>
    <ClInclude Include="..\Libs\imgui\imgui.h">
      <Filter>imgui</Filter>
    </ClInclude>
    <ClInclude Include="..\common-classes\Utils.h" />
    <ClInclude Include="..\common-classes\opengl\Camera.h">
      <Filter>opengl-classes</Filter>
    </ClInclude>
    <ClInclude Include="..\common-classes\opengl\DirectionalLight.h">
      <Filter>opengl-classes</Filter>
    </ClInclude>
    <ClInclude Include="..\common-classes\opengl\Light.h">
      <Filter>opengl-classes</Filter>
    </ClInclude>
    <ClInclude Include="..\common-classes\opengl\Model3D.h">
      <Filter>opengl-classes</Filter>
    </ClInclude>
    <ClInclude Include="..\common-classes\opengl\ModelReference.h">
      <Filter>opengl-classes</Filter>
    </ClInclude>
    <ClInclude Include="..\common-classes\opengl\OrthoCamera.h">
      <Filter>opengl-classes</Filter>
    </ClInclude>
    <ClInclude Include="..\common-classes\opengl\PerspectiveCamera.h">
      <Filter>opengl-classes</Filter>
    </ClInclude>
    <ClInclude Include="..\common-classes\opengl\Shader.h">
      <Filter>opengl-classes</Filter>
    </ClInclude>
    <ClInclude Include="..\common-classes\opengl\Skybox.h">
      <Filter>opengl-classes</Filter>
    </ClInclude>
    <ClInclude Include="..\common-classes\opengl\Texture.h">
      <Filter>opengl-classes</Filter>
    </ClInclude>
    <ClInclude Include="..\common-classes\opengl\Transform.h">
      <Filter>opengl-classes</Filter>
    </ClInclude>
    <ClInclude Include="..\common-classes\stb_image.h">
      <Filter>Dependencies</Filter>
    </ClInclude>
    <ClInclude Include="..\common-classes\tiny_obj_loader.h">
      <Filter>Dependencies</Filter>
    </ClInclude>
    <ClInclude Include="..\common-classes\multithreading\IETSemaphore.h">
      <Filter>Threading</Filter>
    </ClInclude>
    <ClInclude Include="..\common-classes\multithreading\IETThread.h">
      <Filter>Threading</Filter>
    </ClInclude>
    <ClInclude Include="..\common-classes\multithreading\IFinishedTaskListener.h">
      <Filter>Threading</Filter>
    </ClInclude>
    <ClInclude Include="..\common-classes\multithreading\PoolWorker.h">
      <Filter>Threading</Filter>
    </ClInclude>
    <ClInclude Include="..\common-classes\multithreading\ThreadPoolScheduler.h">
      <Filter>Threading</Filter>
    </ClInclude>
    <ClInclude Include="..\common-classes\multithreading\tasks\AWorkerTask.h">
      <Filter>Threading\Tasks</Filter>
    </ClInclude>
    <ClInclude Include="..\proto\SceneLoader.grpc.pb.h">
      <Filter>proto</Filter>
    </ClInclude>
    <ClInclude Include="..\proto\SceneLoader.pb.h">
      <Filter>proto</Filter>
    </ClInclude>
    <ClInclude Include="AUIPanel.h">
      <Filter>Engine\UI</Filter>
    </ClInclude>
    <ClInclude Include="UIManager.h">
      <Filter>Engine\UI</Filter>
    </ClInclude>
    <ClInclude Include="MainMenuPanel.h">
      <Filter>Engine\UI</Filter>
    </ClInclude>
    <ClInclude Include="EngineProfiler.h">
      <Filter>Engine\UI</Filter>
    </ClInclude>
    <ClInclude Include="ModelObject.h">
      <Filter>Engine\3D</Filter>
    </ClInclude>
    <ClInclude Include="CameraObject.h">
      <Filter>Engine\3D\Camera</Filter>
    </ClInclude>
    <ClInclude Include="PerspectiveCameraObject.h">
      <Filter>Engine\3D\Camera</Filter>
    </ClInclude>
    <ClInclude Include="LightObject.h">
      <Filter>Engine\3D\Light</Filter>
    </ClInclude>
    <ClInclude Include="ShaderObject.h">
      <Filter>Engine\3D\Shaders</Filter>
    </ClInclude>
    <ClInclude Include="SceneViewerClient.h">
      <Filter>Networking</Filter>
    </ClInclude>
    <ClInclude Include="Scene.h">
      <Filter>Engine\Scene</Filter>
    </ClInclude>
    <ClInclude Include="LoadSceneTask.h">
      <Filter>Threading\Tasks</Filter>
    </ClInclude>
    <ClInclude Include="SceneManager.h">
      <Filter>Engine\Scene</Filter>
    </ClInclude>
  </ItemGroup>
  <ItemGroup>
    <None Include="..\proto\SceneLoader.proto">
      <Filter>proto</Filter>
    </None>
  </ItemGroup>
</Project>