<?xml version="1.0" encoding="utf-8"?>
<Project ToolsVersion="4.0" xmlns="http://schemas.microsoft.com/developer/msbuild/2003">
  <ItemGroup>
    <Filter Include="Header Files">
      <UniqueIdentifier>{93995380-89BD-4b04-88EB-625FBE52EBFB}</UniqueIdentifier>
      <Extensions>h;hh;hpp;hxx;h++;hm;inl;inc;ipp;xsd</Extensions>
    </Filter>
    <Filter Include="proto">
      <UniqueIdentifier>{659f9209-3951-4ec1-ad8d-65f9eeb0557a}</UniqueIdentifier>
    </Filter>
    <Filter Include="Dependencies">
      <UniqueIdentifier>{772b19ae-37fa-4121-8d67-511bcd05b69d}</UniqueIdentifier>
    </Filter>
    <Filter Include="Server Threading">
      <UniqueIdentifier>{8b5c887d-dbf4-42b9-a992-87f9845c6f15}</UniqueIdentifier>
    </Filter>
    <Filter Include="opengl">
      <UniqueIdentifier>{4587ae01-e57a-4092-bb09-375ef58cb790}</UniqueIdentifier>
    </Filter>
    <Filter Include="Server">
      <UniqueIdentifier>{78221482-f370-4d9c-8364-fc833543dc45}</UniqueIdentifier>
    </Filter>
  </ItemGroup>
  <ItemGroup>
    <ClCompile Include="..\common-classes\glad.c">
      <Filter>Dependencies</Filter>
    </ClCompile>
    <ClCompile Include="..\proto\SceneLoader.grpc.pb.cc">
      <Filter>proto</Filter>
    </ClCompile>
    <ClCompile Include="..\proto\SceneLoader.pb.cc">
      <Filter>proto</Filter>
    </ClCompile>
    <ClCompile Include="SenderThread.cpp">
      <Filter>Server Threading</Filter>
    </ClCompile>
    <ClCompile Include="..\common-classes\multithreading\IETSemaphore.cpp">
      <Filter>Server Threading</Filter>
    </ClCompile>
    <ClCompile Include="..\common-classes\multithreading\IETThread.cpp">
      <Filter>Server Threading</Filter>
    </ClCompile>
    <ClCompile Include="..\common-classes\multithreading\PoolWorker.cpp">
      <Filter>Server Threading</Filter>
    </ClCompile>
    <ClCompile Include="..\common-classes\multithreading\ThreadPoolScheduler.cpp">
      <Filter>Server Threading</Filter>
    </ClCompile>
    <ClCompile Include="..\common-classes\multithreading\tasks\AWorkerTask.cpp">
      <Filter>Server Threading</Filter>
    </ClCompile>
    <ClCompile Include="..\common-classes\opengl\Model3D.cpp">
      <Filter>opengl</Filter>
    </ClCompile>
    <ClCompile Include="..\common-classes\opengl\ModelReference.cpp">
      <Filter>opengl</Filter>
    </ClCompile>
    <ClCompile Include="..\common-classes\opengl\Texture.cpp">
      <Filter>opengl</Filter>
    </ClCompile>
    <ClCompile Include="..\common-classes\opengl\Transform.cpp">
      <Filter>opengl</Filter>
    </ClCompile>
    <ClCompile Include="..\common-classes\Utils.cpp">
      <Filter>Dependencies</Filter>
    </ClCompile>
    <ClCompile Include="SceenServer_main.cpp">
      <Filter>Server</Filter>
    </ClCompile>
  </ItemGroup>
  <ItemGroup>
    <ClInclude Include="..\common-classes\tiny_obj_loader.h">
      <Filter>Dependencies</Filter>
    </ClInclude>
    <ClInclude Include="..\common-classes\stb_image.h">
      <Filter>Dependencies</Filter>
    </ClInclude>
    <ClInclude Include="..\proto\SceneLoader.grpc.pb.h">
      <Filter>proto</Filter>
    </ClInclude>
    <ClInclude Include="..\proto\SceneLoader.pb.h">
      <Filter>proto</Filter>
    </ClInclude>
    <ClInclude Include="SenderThread.h">
      <Filter>Server Threading</Filter>
    </ClInclude>
    <ClInclude Include="..\common-classes\multithreading\IETSemaphore.h">
      <Filter>Server Threading</Filter>
    </ClInclude>
    <ClInclude Include="..\common-classes\multithreading\IETThread.h">
      <Filter>Server Threading</Filter>
    </ClInclude>
    <ClInclude Include="..\common-classes\multithreading\IFinishedTaskListener.h">
      <Filter>Server Threading</Filter>
    </ClInclude>
    <ClInclude Include="..\common-classes\multithreading\PoolWorker.h">
      <Filter>Server Threading</Filter>
    </ClInclude>
    <ClInclude Include="..\common-classes\multithreading\ThreadPoolScheduler.h">
      <Filter>Server Threading</Filter>
    </ClInclude>
    <ClInclude Include="..\common-classes\multithreading\tasks\AWorkerTask.h">
      <Filter>Server Threading</Filter>
    </ClInclude>
    <ClInclude Include="..\common-classes\opengl\Model3D.h">
      <Filter>opengl</Filter>
    </ClInclude>
    <ClInclude Include="..\common-classes\opengl\ModelReference.h">
      <Filter>opengl</Filter>
    </ClInclude>
    <ClInclude Include="..\common-classes\opengl\Texture.h">
      <Filter>opengl</Filter>
    </ClInclude>
    <ClInclude Include="..\common-classes\opengl\Transform.h">
      <Filter>opengl</Filter>
    </ClInclude>
    <ClInclude Include="..\common-classes\Utils.h">
      <Filter>Dependencies</Filter>
    </ClInclude>
  </ItemGroup>
  <ItemGroup>
    <None Include="..\proto\SceneLoader.proto">
      <Filter>proto</Filter>
    </None>
  </ItemGroup>
</Project>